// !$*UTF8*$!
{
	archiveVersion = 1;
	classes = {
	};
	objectVersion = 46;
	objects = {

/* Begin PBXBuildFile section */
		AC570A0B18D8462E0034E130 /* Foundation.framework in Frameworks */ = {isa = PBXBuildFile; fileRef = AC570A0A18D8462E0034E130 /* Foundation.framework */; };
		AC570A0D18D8462E0034E130 /* CoreGraphics.framework in Frameworks */ = {isa = PBXBuildFile; fileRef = AC570A0C18D8462E0034E130 /* CoreGraphics.framework */; };
		AC570A0F18D8462E0034E130 /* UIKit.framework in Frameworks */ = {isa = PBXBuildFile; fileRef = AC570A0E18D8462E0034E130 /* UIKit.framework */; };
		AC570A1518D8462E0034E130 /* InfoPlist.strings in Resources */ = {isa = PBXBuildFile; fileRef = AC570A1318D8462E0034E130 /* InfoPlist.strings */; };
		AC570A1718D8462E0034E130 /* main.m in Sources */ = {isa = PBXBuildFile; fileRef = AC570A1618D8462E0034E130 /* main.m */; };
		AC570A1B18D8462E0034E130 /* AppDelegate.m in Sources */ = {isa = PBXBuildFile; fileRef = AC570A1A18D8462E0034E130 /* AppDelegate.m */; };
		AC570A1E18D8462E0034E130 /* Main.storyboard in Resources */ = {isa = PBXBuildFile; fileRef = AC570A1C18D8462E0034E130 /* Main.storyboard */; };
		AC570A2118D8462E0034E130 /* ViewController.m in Sources */ = {isa = PBXBuildFile; fileRef = AC570A2018D8462E0034E130 /* ViewController.m */; };
		AC570A2318D8462E0034E130 /* Images.xcassets in Resources */ = {isa = PBXBuildFile; fileRef = AC570A2218D8462E0034E130 /* Images.xcassets */; };
		AC570A2A18D8462E0034E130 /* XCTest.framework in Frameworks */ = {isa = PBXBuildFile; fileRef = AC570A2918D8462E0034E130 /* XCTest.framework */; };
		AC570A2B18D8462E0034E130 /* Foundation.framework in Frameworks */ = {isa = PBXBuildFile; fileRef = AC570A0A18D8462E0034E130 /* Foundation.framework */; };
		AC570A2C18D8462E0034E130 /* UIKit.framework in Frameworks */ = {isa = PBXBuildFile; fileRef = AC570A0E18D8462E0034E130 /* UIKit.framework */; };
		AC570A3418D8462E0034E130 /* InfoPlist.strings in Resources */ = {isa = PBXBuildFile; fileRef = AC570A3218D8462E0034E130 /* InfoPlist.strings */; };
		AC570A3618D8462E0034E130 /* Effective_Objective_CTests.m in Sources */ = {isa = PBXBuildFile; fileRef = AC570A3518D8462E0034E130 /* Effective_Objective_CTests.m */; };
		AC570A4118D846C70034E130 /* MsgSend.mm in Sources */ = {isa = PBXBuildFile; fileRef = AC570A4018D846C70034E130 /* MsgSend.mm */; };
		AC570A4718D862950034E130 /* EOCAutoDictionary.m in Sources */ = {isa = PBXBuildFile; fileRef = AC570A4618D862950034E130 /* EOCAutoDictionary.m */; };
/* End PBXBuildFile section */

/* Begin PBXContainerItemProxy section */
		AC570A2D18D8462E0034E130 /* PBXContainerItemProxy */ = {
			isa = PBXContainerItemProxy;
			containerPortal = AC5709FF18D8462E0034E130 /* Project object */;
			proxyType = 1;
			remoteGlobalIDString = AC570A0618D8462E0034E130;
			remoteInfo = "Effective Objective-C";
		};
/* End PBXContainerItemProxy section */

/* Begin PBXFileReference section */
		AC570A0718D8462E0034E130 /* Effective Objective-C.app */ = {isa = PBXFileReference; explicitFileType = wrapper.application; includeInIndex = 0; path = "Effective Objective-C.app"; sourceTree = BUILT_PRODUCTS_DIR; };
		AC570A0A18D8462E0034E130 /* Foundation.framework */ = {isa = PBXFileReference; lastKnownFileType = wrapper.framework; name = Foundation.framework; path = System/Library/Frameworks/Foundation.framework; sourceTree = SDKROOT; };
		AC570A0C18D8462E0034E130 /* CoreGraphics.framework */ = {isa = PBXFileReference; lastKnownFileType = wrapper.framework; name = CoreGraphics.framework; path = System/Library/Frameworks/CoreGraphics.framework; sourceTree = SDKROOT; };
		AC570A0E18D8462E0034E130 /* UIKit.framework */ = {isa = PBXFileReference; lastKnownFileType = wrapper.framework; name = UIKit.framework; path = System/Library/Frameworks/UIKit.framework; sourceTree = SDKROOT; };
		AC570A1218D8462E0034E130 /* Effective Objective-C-Info.plist */ = {isa = PBXFileReference; lastKnownFileType = text.plist.xml; path = "Effective Objective-C-Info.plist"; sourceTree = "<group>"; };
		AC570A1418D8462E0034E130 /* en */ = {isa = PBXFileReference; lastKnownFileType = text.plist.strings; name = en; path = en.lproj/InfoPlist.strings; sourceTree = "<group>"; };
		AC570A1618D8462E0034E130 /* main.m */ = {isa = PBXFileReference; lastKnownFileType = sourcecode.c.objc; path = main.m; sourceTree = "<group>"; };
		AC570A1818D8462E0034E130 /* Effective Objective-C-Prefix.pch */ = {isa = PBXFileReference; lastKnownFileType = sourcecode.c.h; path = "Effective Objective-C-Prefix.pch"; sourceTree = "<group>"; };
		AC570A1918D8462E0034E130 /* AppDelegate.h */ = {isa = PBXFileReference; lastKnownFileType = sourcecode.c.h; path = AppDelegate.h; sourceTree = "<group>"; };
		AC570A1A18D8462E0034E130 /* AppDelegate.m */ = {isa = PBXFileReference; lastKnownFileType = sourcecode.c.objc; path = AppDelegate.m; sourceTree = "<group>"; };
		AC570A1D18D8462E0034E130 /* Base */ = {isa = PBXFileReference; lastKnownFileType = file.storyboard; name = Base; path = Base.lproj/Main.storyboard; sourceTree = "<group>"; };
		AC570A1F18D8462E0034E130 /* ViewController.h */ = {isa = PBXFileReference; lastKnownFileType = sourcecode.c.h; path = ViewController.h; sourceTree = "<group>"; };
		AC570A2018D8462E0034E130 /* ViewController.m */ = {isa = PBXFileReference; lastKnownFileType = sourcecode.c.objc; path = ViewController.m; sourceTree = "<group>"; };
		AC570A2218D8462E0034E130 /* Images.xcassets */ = {isa = PBXFileReference; lastKnownFileType = folder.assetcatalog; path = Images.xcassets; sourceTree = "<group>"; };
		AC570A2818D8462E0034E130 /* Effective Objective-CTests.xctest */ = {isa = PBXFileReference; explicitFileType = wrapper.cfbundle; includeInIndex = 0; path = "Effective Objective-CTests.xctest"; sourceTree = BUILT_PRODUCTS_DIR; };
		AC570A2918D8462E0034E130 /* XCTest.framework */ = {isa = PBXFileReference; lastKnownFileType = wrapper.framework; name = XCTest.framework; path = Library/Frameworks/XCTest.framework; sourceTree = DEVELOPER_DIR; };
		AC570A3118D8462E0034E130 /* Effective Objective-CTests-Info.plist */ = {isa = PBXFileReference; lastKnownFileType = text.plist.xml; path = "Effective Objective-CTests-Info.plist"; sourceTree = "<group>"; };
		AC570A3318D8462E0034E130 /* en */ = {isa = PBXFileReference; lastKnownFileType = text.plist.strings; name = en; path = en.lproj/InfoPlist.strings; sourceTree = "<group>"; };
		AC570A3518D8462E0034E130 /* Effective_Objective_CTests.m */ = {isa = PBXFileReference; lastKnownFileType = sourcecode.c.objc; path = Effective_Objective_CTests.m; sourceTree = "<group>"; };
		AC570A3F18D846C70034E130 /* MsgSend.h */ = {isa = PBXFileReference; fileEncoding = 4; lastKnownFileType = sourcecode.c.h; path = MsgSend.h; sourceTree = "<group>"; };
		AC570A4018D846C70034E130 /* MsgSend.mm */ = {isa = PBXFileReference; fileEncoding = 4; lastKnownFileType = sourcecode.cpp.objcpp; path = MsgSend.mm; sourceTree = "<group>"; };
		AC570A4518D862950034E130 /* EOCAutoDictionary.h */ = {isa = PBXFileReference; fileEncoding = 4; lastKnownFileType = sourcecode.c.h; path = EOCAutoDictionary.h; sourceTree = "<group>"; };
		AC570A4618D862950034E130 /* EOCAutoDictionary.m */ = {isa = PBXFileReference; fileEncoding = 4; lastKnownFileType = sourcecode.c.objc; path = EOCAutoDictionary.m; sourceTree = "<group>"; };
/* End PBXFileReference section */

/* Begin PBXFrameworksBuildPhase section */
		AC570A0418D8462E0034E130 /* Frameworks */ = {
			isa = PBXFrameworksBuildPhase;
			buildActionMask = 2147483647;
			files = (
				AC570A0D18D8462E0034E130 /* CoreGraphics.framework in Frameworks */,
				AC570A0F18D8462E0034E130 /* UIKit.framework in Frameworks */,
				AC570A0B18D8462E0034E130 /* Foundation.framework in Frameworks */,
			);
			runOnlyForDeploymentPostprocessing = 0;
		};
		AC570A2518D8462E0034E130 /* Frameworks */ = {
			isa = PBXFrameworksBuildPhase;
			buildActionMask = 2147483647;
			files = (
				AC570A2A18D8462E0034E130 /* XCTest.framework in Frameworks */,
				AC570A2C18D8462E0034E130 /* UIKit.framework in Frameworks */,
				AC570A2B18D8462E0034E130 /* Foundation.framework in Frameworks */,
			);
			runOnlyForDeploymentPostprocessing = 0;
		};
/* End PBXFrameworksBuildPhase section */

/* Begin PBXGroup section */
		AC5709FE18D8462E0034E130 = {
			isa = PBXGroup;
			children = (
				AC570A1018D8462E0034E130 /* Effective Objective-C */,
				AC570A2F18D8462E0034E130 /* Effective Objective-CTests */,
				AC570A0918D8462E0034E130 /* Frameworks */,
				AC570A0818D8462E0034E130 /* Products */,
			);
			sourceTree = "<group>";
		};
		AC570A0818D8462E0034E130 /* Products */ = {
			isa = PBXGroup;
			children = (
				AC570A0718D8462E0034E130 /* Effective Objective-C.app */,
				AC570A2818D8462E0034E130 /* Effective Objective-CTests.xctest */,
			);
			name = Products;
			sourceTree = "<group>";
		};
		AC570A0918D8462E0034E130 /* Frameworks */ = {
			isa = PBXGroup;
			children = (
				AC570A0A18D8462E0034E130 /* Foundation.framework */,
				AC570A0C18D8462E0034E130 /* CoreGraphics.framework */,
				AC570A0E18D8462E0034E130 /* UIKit.framework */,
				AC570A2918D8462E0034E130 /* XCTest.framework */,
			);
			name = Frameworks;
			sourceTree = "<group>";
		};
		AC570A1018D8462E0034E130 /* Effective Objective-C */ = {
			isa = PBXGroup;
			children = (
				AC570A1918D8462E0034E130 /* AppDelegate.h */,
				AC570A1A18D8462E0034E130 /* AppDelegate.m */,
				AC570A1C18D8462E0034E130 /* Main.storyboard */,
				AC570A1F18D8462E0034E130 /* ViewController.h */,
				AC570A2018D8462E0034E130 /* ViewController.m */,
				AC570A3F18D846C70034E130 /* MsgSend.h */,
				AC570A4018D846C70034E130 /* MsgSend.mm */,
				AC570A4518D862950034E130 /* EOCAutoDictionary.h */,
				AC570A4618D862950034E130 /* EOCAutoDictionary.m */,
				AC570A2218D8462E0034E130 /* Images.xcassets */,
				AC570A1118D8462E0034E130 /* Supporting Files */,
			);
			path = "Effective Objective-C";
			sourceTree = "<group>";
		};
		AC570A1118D8462E0034E130 /* Supporting Files */ = {
			isa = PBXGroup;
			children = (
				AC570A1218D8462E0034E130 /* Effective Objective-C-Info.plist */,
				AC570A1318D8462E0034E130 /* InfoPlist.strings */,
				AC570A1618D8462E0034E130 /* main.m */,
				AC570A1818D8462E0034E130 /* Effective Objective-C-Prefix.pch */,
			);
			name = "Supporting Files";
			sourceTree = "<group>";
		};
		AC570A2F18D8462E0034E130 /* Effective Objective-CTests */ = {
			isa = PBXGroup;
			children = (
				AC570A3518D8462E0034E130 /* Effective_Objective_CTests.m */,
				AC570A3018D8462E0034E130 /* Supporting Files */,
			);
			path = "Effective Objective-CTests";
			sourceTree = "<group>";
		};
		AC570A3018D8462E0034E130 /* Supporting Files */ = {
			isa = PBXGroup;
			children = (
				AC570A3118D8462E0034E130 /* Effective Objective-CTests-Info.plist */,
				AC570A3218D8462E0034E130 /* InfoPlist.strings */,
			);
			name = "Supporting Files";
			sourceTree = "<group>";
		};
/* End PBXGroup section */

/* Begin PBXNativeTarget section */
		AC570A0618D8462E0034E130 /* Effective Objective-C */ = {
			isa = PBXNativeTarget;
			buildConfigurationList = AC570A3918D8462E0034E130 /* Build configuration list for PBXNativeTarget "Effective Objective-C" */;
			buildPhases = (
				AC570A0318D8462E0034E130 /* Sources */,
				AC570A0418D8462E0034E130 /* Frameworks */,
				AC570A0518D8462E0034E130 /* Resources */,
			);
			buildRules = (
			);
			dependencies = (
			);
			name = "Effective Objective-C";
			productName = "Effective Objective-C";
			productReference = AC570A0718D8462E0034E130 /* Effective Objective-C.app */;
			productType = "com.apple.product-type.application";
		};
		AC570A2718D8462E0034E130 /* Effective Objective-CTests */ = {
			isa = PBXNativeTarget;
			buildConfigurationList = AC570A3C18D8462E0034E130 /* Build configuration list for PBXNativeTarget "Effective Objective-CTests" */;
			buildPhases = (
				AC570A2418D8462E0034E130 /* Sources */,
				AC570A2518D8462E0034E130 /* Frameworks */,
				AC570A2618D8462E0034E130 /* Resources */,
			);
			buildRules = (
			);
			dependencies = (
				AC570A2E18D8462E0034E130 /* PBXTargetDependency */,
			);
			name = "Effective Objective-CTests";
			productName = "Effective Objective-CTests";
			productReference = AC570A2818D8462E0034E130 /* Effective Objective-CTests.xctest */;
			productType = "com.apple.product-type.bundle.unit-test";
		};
/* End PBXNativeTarget section */

/* Begin PBXProject section */
		AC5709FF18D8462E0034E130 /* Project object */ = {
			isa = PBXProject;
			attributes = {
				LastUpgradeCheck = 0510;
				ORGANIZATIONNAME = Yang152412;
				TargetAttributes = {
					AC570A2718D8462E0034E130 = {
						TestTargetID = AC570A0618D8462E0034E130;
					};
				};
			};
			buildConfigurationList = AC570A0218D8462E0034E130 /* Build configuration list for PBXProject "Effective Objective-C" */;
			compatibilityVersion = "Xcode 3.2";
			developmentRegion = English;
			hasScannedForEncodings = 0;
			knownRegions = (
				en,
				Base,
			);
			mainGroup = AC5709FE18D8462E0034E130;
			productRefGroup = AC570A0818D8462E0034E130 /* Products */;
			projectDirPath = "";
			projectRoot = "";
			targets = (
				AC570A0618D8462E0034E130 /* Effective Objective-C */,
				AC570A2718D8462E0034E130 /* Effective Objective-CTests */,
			);
		};
/* End PBXProject section */

/* Begin PBXResourcesBuildPhase section */
		AC570A0518D8462E0034E130 /* Resources */ = {
			isa = PBXResourcesBuildPhase;
			buildActionMask = 2147483647;
			files = (
				AC570A2318D8462E0034E130 /* Images.xcassets in Resources */,
				AC570A1518D8462E0034E130 /* InfoPlist.strings in Resources */,
				AC570A1E18D8462E0034E130 /* Main.storyboard in Resources */,
			);
			runOnlyForDeploymentPostprocessing = 0;
		};
		AC570A2618D8462E0034E130 /* Resources */ = {
			isa = PBXResourcesBuildPhase;
			buildActionMask = 2147483647;
			files = (
				AC570A3418D8462E0034E130 /* InfoPlist.strings in Resources */,
			);
			runOnlyForDeploymentPostprocessing = 0;
		};
/* End PBXResourcesBuildPhase section */

/* Begin PBXSourcesBuildPhase section */
		AC570A0318D8462E0034E130 /* Sources */ = {
			isa = PBXSourcesBuildPhase;
			buildActionMask = 2147483647;
			files = (
				AC570A2118D8462E0034E130 /* ViewController.m in Sources */,
				AC570A4118D846C70034E130 /* MsgSend.mm in Sources */,
				AC570A1B18D8462E0034E130 /* AppDelegate.m in Sources */,
				AC570A4718D862950034E130 /* EOCAutoDictionary.m in Sources */,
				AC570A1718D8462E0034E130 /* main.m in Sources */,
			);
			runOnlyForDeploymentPostprocessing = 0;
		};
		AC570A2418D8462E0034E130 /* Sources */ = {
			isa = PBXSourcesBuildPhase;
			buildActionMask = 2147483647;
			files = (
				AC570A3618D8462E0034E130 /* Effective_Objective_CTests.m in Sources */,
			);
			runOnlyForDeploymentPostprocessing = 0;
		};
/* End PBXSourcesBuildPhase section */

/* Begin PBXTargetDependency section */
		AC570A2E18D8462E0034E130 /* PBXTargetDependency */ = {
			isa = PBXTargetDependency;
			target = AC570A0618D8462E0034E130 /* Effective Objective-C */;
			targetProxy = AC570A2D18D8462E0034E130 /* PBXContainerItemProxy */;
		};
/* End PBXTargetDependency section */

/* Begin PBXVariantGroup section */
		AC570A1318D8462E0034E130 /* InfoPlist.strings */ = {
			isa = PBXVariantGroup;
			children = (
				AC570A1418D8462E0034E130 /* en */,
			);
			name = InfoPlist.strings;
			sourceTree = "<group>";
		};
		AC570A1C18D8462E0034E130 /* Main.storyboard */ = {
			isa = PBXVariantGroup;
			children = (
				AC570A1D18D8462E0034E130 /* Base */,
			);
			name = Main.storyboard;
			sourceTree = "<group>";
		};
		AC570A3218D8462E0034E130 /* InfoPlist.strings */ = {
			isa = PBXVariantGroup;
			children = (
				AC570A3318D8462E0034E130 /* en */,
			);
			name = InfoPlist.strings;
			sourceTree = "<group>";
		};
/* End PBXVariantGroup section */

/* Begin XCBuildConfiguration section */
		AC570A3718D8462E0034E130 /* Debug */ = {
			isa = XCBuildConfiguration;
			buildSettings = {
				ALWAYS_SEARCH_USER_PATHS = NO;
				CLANG_CXX_LANGUAGE_STANDARD = "gnu++0x";
				CLANG_CXX_LIBRARY = "libc++";
				CLANG_ENABLE_MODULES = YES;
				CLANG_ENABLE_OBJC_ARC = YES;
				CLANG_WARN_BOOL_CONVERSION = YES;
				CLANG_WARN_CONSTANT_CONVERSION = YES;
				CLANG_WARN_DIRECT_OBJC_ISA_USAGE = YES_ERROR;
				CLANG_WARN_EMPTY_BODY = YES;
				CLANG_WARN_ENUM_CONVERSION = YES;
				CLANG_WARN_INT_CONVERSION = YES;
				CLANG_WARN_OBJC_ROOT_CLASS = YES_ERROR;
				CLANG_WARN__DUPLICATE_METHOD_MATCH = YES;
				"CODE_SIGN_IDENTITY[sdk=iphoneos*]" = "iPhone Developer";
				COPY_PHASE_STRIP = NO;
				GCC_C_LANGUAGE_STANDARD = gnu99;
				GCC_DYNAMIC_NO_PIC = NO;
				GCC_OPTIMIZATION_LEVEL = 0;
				GCC_PREPROCESSOR_DEFINITIONS = (
					"DEBUG=1",
					"$(inherited)",
				);
				GCC_SYMBOLS_PRIVATE_EXTERN = NO;
				GCC_WARN_64_TO_32_BIT_CONVERSION = YES;
				GCC_WARN_ABOUT_RETURN_TYPE = YES_ERROR;
				GCC_WARN_UNDECLARED_SELECTOR = YES;
				GCC_WARN_UNINITIALIZED_AUTOS = YES_AGGRESSIVE;
				GCC_WARN_UNUSED_FUNCTION = YES;
				GCC_WARN_UNUSED_VARIABLE = YES;
				IPHONEOS_DEPLOYMENT_TARGET = 7.1;
				ONLY_ACTIVE_ARCH = YES;
				SDKROOT = iphoneos;
			};
			name = Debug;
		};
		AC570A3818D8462E0034E130 /* Release */ = {
			isa = XCBuildConfiguration;
			buildSettings = {
				ALWAYS_SEARCH_USER_PATHS = NO;
				CLANG_CXX_LANGUAGE_STANDARD = "gnu++0x";
				CLANG_CXX_LIBRARY = "libc++";
				CLANG_ENABLE_MODULES = YES;
				CLANG_ENABLE_OBJC_ARC = YES;
				CLANG_WARN_BOOL_CONVERSION = YES;
				CLANG_WARN_CONSTANT_CONVERSION = YES;
				CLANG_WARN_DIRECT_OBJC_ISA_USAGE = YES_ERROR;
				CLANG_WARN_EMPTY_BODY = YES;
				CLANG_WARN_ENUM_CONVERSION = YES;
				CLANG_WARN_INT_CONVERSION = YES;
				CLANG_WARN_OBJC_ROOT_CLASS = YES_ERROR;
				CLANG_WARN__DUPLICATE_METHOD_MATCH = YES;
				"CODE_SIGN_IDENTITY[sdk=iphoneos*]" = "iPhone Developer";
				COPY_PHASE_STRIP = YES;
				ENABLE_NS_ASSERTIONS = NO;
				GCC_C_LANGUAGE_STANDARD = gnu99;
				GCC_WARN_64_TO_32_BIT_CONVERSION = YES;
				GCC_WARN_ABOUT_RETURN_TYPE = YES_ERROR;
				GCC_WARN_UNDECLARED_SELECTOR = YES;
				GCC_WARN_UNINITIALIZED_AUTOS = YES_AGGRESSIVE;
				GCC_WARN_UNUSED_FUNCTION = YES;
				GCC_WARN_UNUSED_VARIABLE = YES;
				IPHONEOS_DEPLOYMENT_TARGET = 7.1;
				SDKROOT = iphoneos;
				VALIDATE_PRODUCT = YES;
			};
			name = Release;
		};
		AC570A3A18D8462E0034E130 /* Debug */ = {
			isa = XCBuildConfiguration;
			buildSettings = {
				ASSETCATALOG_COMPILER_APPICON_NAME = AppIcon;
				ASSETCATALOG_COMPILER_LAUNCHIMAGE_NAME = LaunchImage;
				GCC_PRECOMPILE_PREFIX_HEADER = YES;
				GCC_PREFIX_HEADER = "Effective Objective-C/Effective Objective-C-Prefix.pch";
				INFOPLIST_FILE = "Effective Objective-C/Effective Objective-C-Info.plist";
				PRODUCT_NAME = "$(TARGET_NAME)";
				WRAPPER_EXTENSION = app;
			};
			name = Debug;
		};
		AC570A3B18D8462E0034E130 /* Release */ = {
			isa = XCBuildConfiguration;
			buildSettings = {
				ASSETCATALOG_COMPILER_APPICON_NAME = AppIcon;
				ASSETCATALOG_COMPILER_LAUNCHIMAGE_NAME = LaunchImage;
				GCC_PRECOMPILE_PREFIX_HEADER = YES;
				GCC_PREFIX_HEADER = "Effective Objective-C/Effective Objective-C-Prefix.pch";
				INFOPLIST_FILE = "Effective Objective-C/Effective Objective-C-Info.plist";
				PRODUCT_NAME = "$(TARGET_NAME)";
				WRAPPER_EXTENSION = app;
			};
			name = Release;
		};
		AC570A3D18D8462E0034E130 /* Debug */ = {
			isa = XCBuildConfiguration;
			buildSettings = {
				BUNDLE_LOADER = "$(BUILT_PRODUCTS_DIR)/Effective Objective-C.app/Effective Objective-C";
				FRAMEWORK_SEARCH_PATHS = (
					"$(SDKROOT)/Developer/Library/Frameworks",
					"$(inherited)",
					"$(DEVELOPER_FRAMEWORKS_DIR)",
				);
				GCC_PRECOMPILE_PREFIX_HEADER = YES;
				GCC_PREFIX_HEADER = "Effective Objective-C/Effective Objective-C-Prefix.pch";
				GCC_PREPROCESSOR_DEFINITIONS = (
					"DEBUG=1",
					"$(inherited)",
				);
				INFOPLIST_FILE = "Effective Objective-CTests/Effective Objective-CTests-Info.plist";
				PRODUCT_NAME = "$(TARGET_NAME)";
				TEST_HOST = "$(BUNDLE_LOADER)";
				WRAPPER_EXTENSION = xctest;
			};
			name = Debug;
		};
		AC570A3E18D8462E0034E130 /* Release */ = {
			isa = XCBuildConfiguration;
			buildSettings = {
				BUNDLE_LOADER = "$(BUILT_PRODUCTS_DIR)/Effective Objective-C.app/Effective Objective-C";
				FRAMEWORK_SEARCH_PATHS = (
					"$(SDKROOT)/Developer/Library/Frameworks",
					"$(inherited)",
					"$(DEVELOPER_FRAMEWORKS_DIR)",
				);
				GCC_PRECOMPILE_PREFIX_HEADER = YES;
				GCC_PREFIX_HEADER = "Effective Objective-C/Effective Objective-C-Prefix.pch";
				INFOPLIST_FILE = "Effective Objective-CTests/Effective Objective-CTests-Info.plist";
				PRODUCT_NAME = "$(TARGET_NAME)";
				TEST_HOST = "$(BUNDLE_LOADER)";
				WRAPPER_EXTENSION = xctest;
			};
			name = Release;
		};
/* End XCBuildConfiguration section */

/* Begin XCConfigurationList section */
		AC570A0218D8462E0034E130 /* Build configuration list for PBXProject "Effective Objective-C" */ = {
			isa = XCConfigurationList;
			buildConfigurations = (
				AC570A3718D8462E0034E130 /* Debug */,
				AC570A3818D8462E0034E130 /* Release */,
			);
			defaultConfigurationIsVisible = 0;
			defaultConfigurationName = Release;
		};
		AC570A3918D8462E0034E130 /* Build configuration list for PBXNativeTarget "Effective Objective-C" */ = {
			isa = XCConfigurationList;
			buildConfigurations = (
				AC570A3A18D8462E0034E130 /* Debug */,
				AC570A3B18D8462E0034E130 /* Release */,
			);
			defaultConfigurationIsVisible = 0;
			defaultConfigurationName = Release;
		};
		AC570A3C18D8462E0034E130 /* Build configuration list for PBXNativeTarget "Effective Objective-CTests" */ = {
			isa = XCConfigurationList;
			buildConfigurations = (
				AC570A3D18D8462E0034E130 /* Debug */,
				AC570A3E18D8462E0034E130 /* Release */,
			);
			defaultConfigurationIsVisible = 0;
			defaultConfigurationName = Release;
		};
/* End XCConfigurationList section */
	};
	rootObject = AC5709FF18D8462E0034E130 /* Project object */;
}
